
Microsoft Visual Studio Solution File, Format Version 12.00
# Visual Studio Version 16
VisualStudioVersion = 16.0.30114.105
MinimumVisualStudioVersion = 10.0.40219.1
Project("{FAE04EC0-301F-11D3-BF4B-00C04F79EFBC}") = "AdventOfCode.Test", "AdventOfCode.Test\AdventOfCode.Test.csproj", "{DBC85516-244D-4D6C-B5CA-D04C670213A6}"
EndProject
Project("{FAE04EC0-301F-11D3-BF4B-00C04F79EFBC}") = "AdventOfCode", "AdventOfCode\AdventOfCode.csproj", "{E543CFA4-A9DE-46AC-A75D-0060A9689F40}"
EndProject
Global
	GlobalSection(SolutionConfigurationPlatforms) = preSolution
		Debug|Any CPU = Debug|Any CPU
		Release|Any CPU = Release|Any CPU
	EndGlobalSection
	GlobalSection(SolutionProperties) = preSolution
		HideSolutionNode = FALSE
	EndGlobalSection
	GlobalSection(ProjectConfigurationPlatforms) = postSolution
		{DBC85516-244D-4D6C-B5CA-D04C670213A6}.Debug|Any CPU.ActiveCfg = Debug|Any CPU
		{DBC85516-244D-4D6C-B5CA-D04C670213A6}.Debug|Any CPU.Build.0 = Debug|Any CPU
		{DBC85516-244D-4D6C-B5CA-D04C670213A6}.Release|Any CPU.ActiveCfg = Release|Any CPU
		{DBC85516-244D-4D6C-B5CA-D04C670213A6}.Release|Any CPU.Build.0 = Release|Any CPU
		{E543CFA4-A9DE-46AC-A75D-0060A9689F40}.Debug|Any CPU.ActiveCfg = Debug|Any CPU
		{E543CFA4-A9DE-46AC-A75D-0060A9689F40}.Debug|Any CPU.Build.0 = Debug|Any CPU
		{E543CFA4-A9DE-46AC-A75D-0060A9689F40}.Release|Any CPU.ActiveCfg = Release|Any CPU
		{E543CFA4-A9DE-46AC-A75D-0060A9689F40}.Release|Any CPU.Build.0 = Release|Any CPU
	EndGlobalSection
EndGlobal
